
Microsoft Visual Studio Solution File, Format Version 12.00
# Visual Studio Version 17
VisualStudioVersion = 17.4.33110.190
MinimumVisualStudioVersion = 10.0.40219.1
Project("{FAE04EC0-301F-11D3-BF4B-00C04F79EFBC}") = "ASPNETMVCCRUD", "ASPNETMVCCRUD.csproj", "{1EBF1F64-A5E4-45E7-9871-473A7A5587A3}"
EndProject
Global
	GlobalSection(SolutionConfigurationPlatforms) = preSolution
		Debug|Any CPU = Debug|Any CPU
		Release|Any CPU = Release|Any CPU
	EndGlobalSection
	GlobalSection(ProjectConfigurationPlatforms) = postSolution
		{1EBF1F64-A5E4-45E7-9871-473A7A5587A3}.Debug|Any CPU.ActiveCfg = Debug|Any CPU
		{1EBF1F64-A5E4-45E7-9871-473A7A5587A3}.Debug|Any CPU.Build.0 = Debug|Any CPU
		{1EBF1F64-A5E4-45E7-9871-473A7A5587A3}.Release|Any CPU.ActiveCfg = Release|Any CPU
		{1EBF1F64-A5E4-45E7-9871-473A7A5587A3}.Release|Any CPU.Build.0 = Release|Any CPU
	EndGlobalSection
	GlobalSection(SolutionProperties) = preSolution
		HideSolutionNode = FALSE
	EndGlobalSection
	GlobalSection(ExtensibilityGlobals) = postSolution
		SolutionGuid = {780D8DA7-C582-4F4E-89E4-9F05F841B67C}
	EndGlobalSection
EndGlobal
